{
    "version": 3,
    "terraform_version": "0.9.3",
    "serial": 17,
    "lineage": "33a75445-2b06-4ee0-bca1-860055b4713b",
    "modules": [
        {
            "path": [
                "root"
            ],
            "outputs": {},
            "resources": {
                "aws_cloudwatch_event_rule.rekonnaissance_lambda_every_hour": {
                    "type": "aws_cloudwatch_event_rule",
                    "depends_on": [],
                    "primary": {
                        "id": "rekonnaissance_lambda_every_hour",
                        "attributes": {
                            "arn": "arn:aws:events:us-east-1:893483352847:rule/rekonnaissance_lambda_every_hour",
                            "description": "Triggers rekonnaissance lambda to execute every hour",
                            "id": "rekonnaissance_lambda_every_hour",
                            "is_enabled": "true",
                            "name": "rekonnaissance_lambda_every_hour",
                            "role_arn": "",
                            "schedule_expression": "rate(1 hour)"
                        },
                        "meta": {},
                        "tainted": false
                    },
                    "deposed": [],
                    "provider": ""
                },
                "aws_cloudwatch_event_target.trigger_rekonnaissance_lambda_every_hour": {
                    "type": "aws_cloudwatch_event_target",
                    "depends_on": [
                        "aws_cloudwatch_event_rule.rekonnaissance_lambda_every_hour",
                        "aws_lambda_function.rekonnaissance_lambda"
                    ],
                    "primary": {
                        "id": "rekonnaissance_lambda_every_hour-rekonnaissance_lambda",
                        "attributes": {
                            "arn": "arn:aws:lambda:us-east-1:893483352847:function:rekonnaissance_lambda",
                            "id": "rekonnaissance_lambda_every_hour-rekonnaissance_lambda",
                            "input": "{}",
                            "input_path": "",
                            "rule": "rekonnaissance_lambda_every_hour",
                            "target_id": "rekonnaissance_lambda"
                        },
                        "meta": {},
                        "tainted": false
                    },
                    "deposed": [],
                    "provider": ""
                },
                "aws_elasticache_cluster.frequency_redis": {
                    "type": "aws_elasticache_cluster",
                    "depends_on": [],
                    "primary": {
                        "id": "frequency-cluster",
                        "attributes": {
                            "availability_zone": "us-east-1c",
                            "cache_nodes.#": "1",
                            "cache_nodes.0.address": "frequency-cluster.u2yttb.0001.use1.cache.amazonaws.com",
                            "cache_nodes.0.availability_zone": "us-east-1c",
                            "cache_nodes.0.id": "0001",
                            "cache_nodes.0.port": "6379",
                            "cluster_id": "frequency-cluster",
                            "engine": "redis",
                            "engine_version": "3.2.4",
                            "id": "frequency-cluster",
                            "maintenance_window": "thu:06:00-thu:07:00",
                            "node_type": "cache.t2.micro",
                            "num_cache_nodes": "1",
                            "parameter_group_name": "default.redis3.2",
                            "port": "6379",
                            "security_group_ids.#": "0",
                            "security_group_names.#": "0",
                            "snapshot_retention_limit": "0",
                            "snapshot_window": "",
                            "subnet_group_name": "default",
                            "tags.%": "0"
                        },
                        "meta": {},
                        "tainted": false
                    },
                    "deposed": [],
                    "provider": ""
                },
                "aws_iam_role.parse_lambda_role": {
                    "type": "aws_iam_role",
                    "depends_on": [],
                    "primary": {
                        "id": "parse_lambda_role",
                        "attributes": {
                            "arn": "arn:aws:iam::893483352847:role/parse_lambda_role",
                            "assume_role_policy": "{\n  \"Version\": \"2012-10-17\",\n  \"Statement\": [\n    {\n      \"Action\": \"sts:AssumeRole\",\n      \"Principal\": {\n        \"Service\": [\n          \"lambda.amazonaws.com\"\n        ]\n      },\n      \"Effect\": \"Allow\",\n      \"Sid\": \"\"\n    }\n  ]\n}",
                            "create_date": "2017-04-16T21:54:30Z",
                            "id": "parse_lambda_role",
                            "name": "parse_lambda_role",
                            "path": "/",
                            "unique_id": "AROAJ5WUK4PKVBTQKSKCY"
                        },
                        "meta": {},
                        "tainted": false
                    },
                    "deposed": [],
                    "provider": ""
                },
                "aws_iam_role_policy.parse_lambda_policy": {
                    "type": "aws_iam_role_policy",
                    "depends_on": [
                        "aws_iam_role.parse_lambda_role"
                    ],
                    "primary": {
                        "id": "parse_lambda_role:parse_lambda_policy",
                        "attributes": {
                            "id": "parse_lambda_role:parse_lambda_policy",
                            "name": "parse_lambda_policy",
                            "policy": "{\n  \"Version\": \"2012-10-17\",\n  \"Statement\": [\n    {\n      \"Action\": \"elasticache:*\",\n      \"Effect\": \"Allow\",\n      \"Resource\": \"*\"\n    },\n    {\n      \"Action\": [\"logs:*\"],\n      \"Effect\": \"Allow\",\n      \"Resource\": [\"arn:aws:logs:*:*:*\"]\n    }\n  ]\n}",
                            "role": "parse_lambda_role"
                        },
                        "meta": {},
                        "tainted": false
                    },
                    "deposed": [],
                    "provider": ""
                },
                "aws_lambda_function.rekonnaissance_lambda": {
                    "type": "aws_lambda_function",
                    "depends_on": [
                        "aws_iam_role.parse_lambda_role"
                    ],
                    "primary": {
                        "id": "rekonnaissance_lambda",
                        "attributes": {
                            "arn": "arn:aws:lambda:us-east-1:893483352847:function:rekonnaissance_lambda",
                            "dead_letter_config.#": "0",
                            "description": "Grabs images, labels them, and stores information in redis",
                            "environment.#": "0",
                            "filename": "../../../phase1/functions/rekonnaissance/lambda_v4.zip",
                            "function_name": "rekonnaissance_lambda",
                            "handler": "index.handler",
                            "id": "rekonnaissance_lambda",
                            "kms_key_arn": "",
                            "last_modified": "2017-04-16T21:54:39.630+0000",
                            "memory_size": "128",
                            "publish": "false",
                            "qualified_arn": "arn:aws:lambda:us-east-1:893483352847:function:rekonnaissance_lambda:$LATEST",
                            "role": "arn:aws:iam::893483352847:role/parse_lambda_role",
                            "runtime": "nodejs6.10",
                            "source_code_hash": "nGclPrEWv4drJDIpwW1JuEIojAgw+Zciqz203F5eSSk=",
                            "timeout": "240",
                            "version": "$LATEST",
                            "vpc_config.#": "0"
                        },
                        "meta": {},
                        "tainted": false
                    },
                    "deposed": [],
                    "provider": ""
                },
                "aws_lambda_permission.cloudwatch_rekonnaissance_lambda_permission": {
                    "type": "aws_lambda_permission",
                    "depends_on": [
                        "aws_cloudwatch_event_rule.rekonnaissance_lambda_every_hour",
                        "aws_lambda_function.rekonnaissance_lambda"
                    ],
                    "primary": {
                        "id": "cloudwatch_rekonnaissance_lambda_permission",
                        "attributes": {
                            "action": "lambda:DisableInvokeFunction",
                            "function_name": "rekonnaissance_lambda",
                            "id": "cloudwatch_rekonnaissance_lambda_permission",
                            "principal": "events.amazonaws.com",
                            "qualifier": "",
                            "source_arn": "arn:aws:events:us-east-1:893483352847:rule/rekonnaissance_lambda_every_hour",
                            "statement_id": "cloudwatch_rekonnaissance_lambda_permission"
                        },
                        "meta": {},
                        "tainted": false
                    },
                    "deposed": [],
                    "provider": ""
                }
            },
            "depends_on": []
        }
    ]
}
