{
    "version": 3,
    "terraform_version": "0.9.3",
    "serial": 10,
    "lineage": "33a75445-2b06-4ee0-bca1-860055b4713b",
    "modules": [
        {
            "path": [
                "root"
            ],
            "outputs": {},
            "resources": {
                "aws_elasticache_cluster.FrequencyRedis": {
                    "type": "aws_elasticache_cluster",
                    "depends_on": [],
                    "primary": {
                        "id": "frequency-cluster",
                        "attributes": {
                            "availability_zone": "us-east-1e",
                            "cache_nodes.#": "1",
                            "cache_nodes.0.address": "frequency-cluster.u2yttb.0001.use1.cache.amazonaws.com",
                            "cache_nodes.0.availability_zone": "us-east-1e",
                            "cache_nodes.0.id": "0001",
                            "cache_nodes.0.port": "6379",
                            "cluster_id": "frequency-cluster",
                            "engine": "redis",
                            "engine_version": "3.2.4",
                            "id": "frequency-cluster",
                            "maintenance_window": "sat:03:00-sat:04:00",
                            "node_type": "cache.t2.micro",
                            "num_cache_nodes": "1",
                            "parameter_group_name": "default.redis3.2",
                            "port": "6379",
                            "security_group_ids.#": "0",
                            "security_group_names.#": "0",
                            "snapshot_retention_limit": "0",
                            "snapshot_window": "",
                            "subnet_group_name": "default",
                            "tags.%": "0"
                        },
                        "meta": {},
                        "tainted": false
                    },
                    "deposed": [],
                    "provider": ""
                },
                "aws_iam_role.parse_lambda_role": {
                    "type": "aws_iam_role",
                    "depends_on": [],
                    "primary": {
                        "id": "parse_lambda_role",
                        "attributes": {
                            "arn": "arn:aws:iam::893483352847:role/parse_lambda_role",
                            "assume_role_policy": "{\"Version\":\"2012-10-17\",\"Statement\":[{\"Sid\":\"\",\"Effect\":\"Allow\",\"Principal\":{\"Service\":\"lambda.amazonaws.com\"},\"Action\":\"sts:AssumeRole\"}]}",
                            "create_date": "2017-04-16T19:03:29Z",
                            "id": "parse_lambda_role",
                            "name": "parse_lambda_role",
                            "path": "/",
                            "unique_id": "AROAIWXA23IENQ5VYFHBE"
                        },
                        "meta": {},
                        "tainted": false
                    },
                    "deposed": [],
                    "provider": ""
                },
                "aws_iam_role_policy.parse_lambda_policy": {
                    "type": "aws_iam_role_policy",
                    "depends_on": [
                        "aws_iam_role.parse_lambda_role"
                    ],
                    "primary": {
                        "id": "parse_lambda_role:parse_lambda_policy",
                        "attributes": {
                            "id": "parse_lambda_role:parse_lambda_policy",
                            "name": "parse_lambda_policy",
                            "policy": "{\n  \"Version\": \"2012-10-17\",\n  \"Statement\": [\n    {\n      \"Action\": \"elasticache:*\",\n      \"Effect\": \"Allow\",\n      \"Resource\": \"*\"\n    },\n    {\n      \"Action\": [\"logs:*\"],\n      \"Effect\": \"Allow\",\n      \"Resource\": [\"arn:aws:logs:*:*:*\"]\n    }\n  ]\n}",
                            "role": "parse_lambda_role"
                        },
                        "meta": {},
                        "tainted": false
                    },
                    "deposed": [],
                    "provider": ""
                },
                "aws_lambda_function.parse_lambda": {
                    "type": "aws_lambda_function",
                    "depends_on": [
                        "aws_iam_role.parse_lambda_role"
                    ],
                    "primary": {
                        "id": "parse_lambda",
                        "attributes": {
                            "arn": "arn:aws:lambda:us-east-1:893483352847:function:parse_lambda",
                            "dead_letter_config.#": "0",
                            "description": "Grabs images, labels them, and stores information in redis",
                            "environment.#": "0",
                            "filename": "../../../phase1/functions/rekonnaissance/lambda_v1.zip",
                            "function_name": "parse_lambda",
                            "handler": "index.handler",
                            "id": "parse_lambda",
                            "kms_key_arn": "",
                            "last_modified": "2017-04-16T19:07:45.911+0000",
                            "memory_size": "128",
                            "publish": "false",
                            "qualified_arn": "arn:aws:lambda:us-east-1:893483352847:function:parse_lambda:$LATEST",
                            "role": "arn:aws:iam::893483352847:role/parse_lambda_role",
                            "runtime": "nodejs4.3",
                            "source_code_hash": "vMyMPW2Y4whBDYKUeMuPNxcQhRA+Lr8aVNUn40UKlAQ=",
                            "timeout": "240",
                            "version": "$LATEST",
                            "vpc_config.#": "0"
                        },
                        "meta": {},
                        "tainted": false
                    },
                    "deposed": [],
                    "provider": ""
                }
            },
            "depends_on": []
        }
    ]
}
